
Microsoft Visual Studio Solution File, Format Version 12.00
# Visual Studio Version 17
VisualStudioVersion = 17.7.34009.444
MinimumVisualStudioVersion = 10.0.40219.1
Project("{FAE04EC0-301F-11D3-BF4B-00C04F79EFBC}") = "AccountsMGR_API", "AccountsMGR_API\AccountsMGR_API.csproj", "{BE5BD783-C487-4BD5-AD07-81AF6C6372F8}"
EndProject
Global
	GlobalSection(SolutionConfigurationPlatforms) = preSolution
		Debug|Any CPU = Debug|Any CPU
		Release|Any CPU = Release|Any CPU
	EndGlobalSection
	GlobalSection(ProjectConfigurationPlatforms) = postSolution
		{BE5BD783-C487-4BD5-AD07-81AF6C6372F8}.Debug|Any CPU.ActiveCfg = Debug|Any CPU
		{BE5BD783-C487-4BD5-AD07-81AF6C6372F8}.Debug|Any CPU.Build.0 = Debug|Any CPU
		{BE5BD783-C487-4BD5-AD07-81AF6C6372F8}.Release|Any CPU.ActiveCfg = Release|Any CPU
		{BE5BD783-C487-4BD5-AD07-81AF6C6372F8}.Release|Any CPU.Build.0 = Release|Any CPU
	EndGlobalSection
	GlobalSection(SolutionProperties) = preSolution
		HideSolutionNode = FALSE
	EndGlobalSection
	GlobalSection(ExtensibilityGlobals) = postSolution
		SolutionGuid = {C59286B3-EFF4-4202-BFF4-585DA34EFE8A}
	EndGlobalSection
EndGlobal
